// !$*UTF8*$!
{
	archiveVersion = 1;
	classes = {
	};
	objectVersion = 56;
	objects = {

/* Begin PBXBuildFile section */
		3E9DC8DA2CF5F2410065B6B0 /* ImageEditorApp.swift in Sources */ = {isa = PBXBuildFile; fileRef = 3E9DC8D92CF5F2410065B6B0 /* ImageEditorApp.swift */; };
		3E9DC8DC2CF5F2410065B6B0 /* ContentView.swift in Sources */ = {isa = PBXBuildFile; fileRef = 3E9DC8DB2CF5F2410065B6B0 /* ContentView.swift */; };
		3E9DC8DE2CF5F2430065B6B0 /* Assets.xcassets in Resources */ = {isa = PBXBuildFile; fileRef = 3E9DC8DD2CF5F2430065B6B0 /* Assets.xcassets */; };
		3E9DC8E12CF5F2430065B6B0 /* Preview Assets.xcassets in Resources */ = {isa = PBXBuildFile; fileRef = 3E9DC8E02CF5F2430065B6B0 /* Preview Assets.xcassets */; };
		3E9DC8EC2CF5F2430065B6B0 /* ImageEditorTests.swift in Sources */ = {isa = PBXBuildFile; fileRef = 3E9DC8EB2CF5F2430065B6B0 /* ImageEditorTests.swift */; };
		3E9DC8F62CF5F2430065B6B0 /* ImageEditorUITests.swift in Sources */ = {isa = PBXBuildFile; fileRef = 3E9DC8F52CF5F2430065B6B0 /* ImageEditorUITests.swift */; };
		3E9DC8F82CF5F2430065B6B0 /* ImageEditorUITestsLaunchTests.swift in Sources */ = {isa = PBXBuildFile; fileRef = 3E9DC8F72CF5F2430065B6B0 /* ImageEditorUITestsLaunchTests.swift */; };
/* End PBXBuildFile section */

/* Begin PBXContainerItemProxy section */
		3E9DC8E82CF5F2430065B6B0 /* PBXContainerItemProxy */ = {
			isa = PBXContainerItemProxy;
			containerPortal = 3E9DC8CE2CF5F2410065B6B0 /* Project object */;
			proxyType = 1;
			remoteGlobalIDString = 3E9DC8D52CF5F2410065B6B0;
			remoteInfo = ImageEditor;
		};
		3E9DC8F22CF5F2430065B6B0 /* PBXContainerItemProxy */ = {
			isa = PBXContainerItemProxy;
			containerPortal = 3E9DC8CE2CF5F2410065B6B0 /* Project object */;
			proxyType = 1;
			remoteGlobalIDString = 3E9DC8D52CF5F2410065B6B0;
			remoteInfo = ImageEditor;
		};
/* End PBXContainerItemProxy section */

/* Begin PBXFileReference section */
		3E9DC8D62CF5F2410065B6B0 /* ImageEditor.app */ = {isa = PBXFileReference; explicitFileType = wrapper.application; includeInIndex = 0; path = ImageEditor.app; sourceTree = BUILT_PRODUCTS_DIR; };
		3E9DC8D92CF5F2410065B6B0 /* ImageEditorApp.swift */ = {isa = PBXFileReference; lastKnownFileType = sourcecode.swift; path = ImageEditorApp.swift; sourceTree = "<group>"; };
		3E9DC8DB2CF5F2410065B6B0 /* ContentView.swift */ = {isa = PBXFileReference; lastKnownFileType = sourcecode.swift; path = ContentView.swift; sourceTree = "<group>"; };
		3E9DC8DD2CF5F2430065B6B0 /* Assets.xcassets */ = {isa = PBXFileReference; lastKnownFileType = folder.assetcatalog; path = Assets.xcassets; sourceTree = "<group>"; };
		3E9DC8E02CF5F2430065B6B0 /* Preview Assets.xcassets */ = {isa = PBXFileReference; lastKnownFileType = folder.assetcatalog; path = "Preview Assets.xcassets"; sourceTree = "<group>"; };
		3E9DC8E22CF5F2430065B6B0 /* ImageEditor.entitlements */ = {isa = PBXFileReference; lastKnownFileType = text.plist.entitlements; path = ImageEditor.entitlements; sourceTree = "<group>"; };
		3E9DC8E72CF5F2430065B6B0 /* ImageEditorTests.xctest */ = {isa = PBXFileReference; explicitFileType = wrapper.cfbundle; includeInIndex = 0; path = ImageEditorTests.xctest; sourceTree = BUILT_PRODUCTS_DIR; };
		3E9DC8EB2CF5F2430065B6B0 /* ImageEditorTests.swift */ = {isa = PBXFileReference; lastKnownFileType = sourcecode.swift; path = ImageEditorTests.swift; sourceTree = "<group>"; };
		3E9DC8F12CF5F2430065B6B0 /* ImageEditorUITests.xctest */ = {isa = PBXFileReference; explicitFileType = wrapper.cfbundle; includeInIndex = 0; path = ImageEditorUITests.xctest; sourceTree = BUILT_PRODUCTS_DIR; };
		3E9DC8F52CF5F2430065B6B0 /* ImageEditorUITests.swift */ = {isa = PBXFileReference; lastKnownFileType = sourcecode.swift; path = ImageEditorUITests.swift; sourceTree = "<group>"; };
		3E9DC8F72CF5F2430065B6B0 /* ImageEditorUITestsLaunchTests.swift */ = {isa = PBXFileReference; lastKnownFileType = sourcecode.swift; path = ImageEditorUITestsLaunchTests.swift; sourceTree = "<group>"; };
/* End PBXFileReference section */

/* Begin PBXFrameworksBuildPhase section */
		3E9DC8D32CF5F2410065B6B0 /* Frameworks */ = {
			isa = PBXFrameworksBuildPhase;
			buildActionMask = 2147483647;
			files = (
			);
			runOnlyForDeploymentPostprocessing = 0;
		};
		3E9DC8E42CF5F2430065B6B0 /* Frameworks */ = {
			isa = PBXFrameworksBuildPhase;
			buildActionMask = 2147483647;
			files = (
			);
			runOnlyForDeploymentPostprocessing = 0;
		};
		3E9DC8EE2CF5F2430065B6B0 /* Frameworks */ = {
			isa = PBXFrameworksBuildPhase;
			buildActionMask = 2147483647;
			files = (
			);
			runOnlyForDeploymentPostprocessing = 0;
		};
/* End PBXFrameworksBuildPhase section */

/* Begin PBXGroup section */
		3E9DC8CD2CF5F2410065B6B0 = {
			isa = PBXGroup;
			children = (
				3E9DC8D82CF5F2410065B6B0 /* ImageEditor */,
				3E9DC8EA2CF5F2430065B6B0 /* ImageEditorTests */,
				3E9DC8F42CF5F2430065B6B0 /* ImageEditorUITests */,
				3E9DC8D72CF5F2410065B6B0 /* Products */,
			);
			sourceTree = "<group>";
		};
		3E9DC8D72CF5F2410065B6B0 /* Products */ = {
			isa = PBXGroup;
			children = (
				3E9DC8D62CF5F2410065B6B0 /* ImageEditor.app */,
				3E9DC8E72CF5F2430065B6B0 /* ImageEditorTests.xctest */,
				3E9DC8F12CF5F2430065B6B0 /* ImageEditorUITests.xctest */,
			);
			name = Products;
			sourceTree = "<group>";
		};
		3E9DC8D82CF5F2410065B6B0 /* ImageEditor */ = {
			isa = PBXGroup;
			children = (
				3E9DC8D92CF5F2410065B6B0 /* ImageEditorApp.swift */,
				3E9DC8DB2CF5F2410065B6B0 /* ContentView.swift */,
				3E9DC8DD2CF5F2430065B6B0 /* Assets.xcassets */,
				3E9DC8E22CF5F2430065B6B0 /* ImageEditor.entitlements */,
				3E9DC8DF2CF5F2430065B6B0 /* Preview Content */,
			);
			path = ImageEditor;
			sourceTree = "<group>";
		};
		3E9DC8DF2CF5F2430065B6B0 /* Preview Content */ = {
			isa = PBXGroup;
			children = (
				3E9DC8E02CF5F2430065B6B0 /* Preview Assets.xcassets */,
			);
			path = "Preview Content";
			sourceTree = "<group>";
		};
		3E9DC8EA2CF5F2430065B6B0 /* ImageEditorTests */ = {
			isa = PBXGroup;
			children = (
				3E9DC8EB2CF5F2430065B6B0 /* ImageEditorTests.swift */,
			);
			path = ImageEditorTests;
			sourceTree = "<group>";
		};
		3E9DC8F42CF5F2430065B6B0 /* ImageEditorUITests */ = {
			isa = PBXGroup;
			children = (
				3E9DC8F52CF5F2430065B6B0 /* ImageEditorUITests.swift */,
				3E9DC8F72CF5F2430065B6B0 /* ImageEditorUITestsLaunchTests.swift */,
			);
			path = ImageEditorUITests;
			sourceTree = "<group>";
		};
/* End PBXGroup section */

/* Begin PBXNativeTarget section */
		3E9DC8D52CF5F2410065B6B0 /* ImageEditor */ = {
			isa = PBXNativeTarget;
			buildConfigurationList = 3E9DC8FB2CF5F2430065B6B0 /* Build configuration list for PBXNativeTarget "ImageEditor" */;
			buildPhases = (
				3E9DC8D22CF5F2410065B6B0 /* Sources */,
				3E9DC8D32CF5F2410065B6B0 /* Frameworks */,
				3E9DC8D42CF5F2410065B6B0 /* Resources */,
			);
			buildRules = (
			);
			dependencies = (
			);
			name = ImageEditor;
			productName = ImageEditor;
			productReference = 3E9DC8D62CF5F2410065B6B0 /* ImageEditor.app */;
			productType = "com.apple.product-type.application";
		};
		3E9DC8E62CF5F2430065B6B0 /* ImageEditorTests */ = {
			isa = PBXNativeTarget;
			buildConfigurationList = 3E9DC8FE2CF5F2430065B6B0 /* Build configuration list for PBXNativeTarget "ImageEditorTests" */;
			buildPhases = (
				3E9DC8E32CF5F2430065B6B0 /* Sources */,
				3E9DC8E42CF5F2430065B6B0 /* Frameworks */,
				3E9DC8E52CF5F2430065B6B0 /* Resources */,
			);
			buildRules = (
			);
			dependencies = (
				3E9DC8E92CF5F2430065B6B0 /* PBXTargetDependency */,
			);
			name = ImageEditorTests;
			productName = ImageEditorTests;
			productReference = 3E9DC8E72CF5F2430065B6B0 /* ImageEditorTests.xctest */;
			productType = "com.apple.product-type.bundle.unit-test";
		};
		3E9DC8F02CF5F2430065B6B0 /* ImageEditorUITests */ = {
			isa = PBXNativeTarget;
			buildConfigurationList = 3E9DC9012CF5F2430065B6B0 /* Build configuration list for PBXNativeTarget "ImageEditorUITests" */;
			buildPhases = (
				3E9DC8ED2CF5F2430065B6B0 /* Sources */,
				3E9DC8EE2CF5F2430065B6B0 /* Frameworks */,
				3E9DC8EF2CF5F2430065B6B0 /* Resources */,
			);
			buildRules = (
			);
			dependencies = (
				3E9DC8F32CF5F2430065B6B0 /* PBXTargetDependency */,
			);
			name = ImageEditorUITests;
			productName = ImageEditorUITests;
			productReference = 3E9DC8F12CF5F2430065B6B0 /* ImageEditorUITests.xctest */;
			productType = "com.apple.product-type.bundle.ui-testing";
		};
/* End PBXNativeTarget section */

/* Begin PBXProject section */
		3E9DC8CE2CF5F2410065B6B0 /* Project object */ = {
			isa = PBXProject;
			attributes = {
				BuildIndependentTargetsInParallel = 1;
				LastSwiftUpdateCheck = 1540;
				LastUpgradeCheck = 1540;
				TargetAttributes = {
					3E9DC8D52CF5F2410065B6B0 = {
						CreatedOnToolsVersion = 15.4;
					};
					3E9DC8E62CF5F2430065B6B0 = {
						CreatedOnToolsVersion = 15.4;
						TestTargetID = 3E9DC8D52CF5F2410065B6B0;
					};
					3E9DC8F02CF5F2430065B6B0 = {
						CreatedOnToolsVersion = 15.4;
						TestTargetID = 3E9DC8D52CF5F2410065B6B0;
					};
				};
			};
			buildConfigurationList = 3E9DC8D12CF5F2410065B6B0 /* Build configuration list for PBXProject "ImageEditor" */;
			compatibilityVersion = "Xcode 14.0";
			developmentRegion = en;
			hasScannedForEncodings = 0;
			knownRegions = (
				en,
				Base,
			);
			mainGroup = 3E9DC8CD2CF5F2410065B6B0;
			productRefGroup = 3E9DC8D72CF5F2410065B6B0 /* Products */;
			projectDirPath = "";
			projectRoot = "";
			targets = (
				3E9DC8D52CF5F2410065B6B0 /* ImageEditor */,
				3E9DC8E62CF5F2430065B6B0 /* ImageEditorTests */,
				3E9DC8F02CF5F2430065B6B0 /* ImageEditorUITests */,
			);
		};
/* End PBXProject section */

/* Begin PBXResourcesBuildPhase section */
		3E9DC8D42CF5F2410065B6B0 /* Resources */ = {
			isa = PBXResourcesBuildPhase;
			buildActionMask = 2147483647;
			files = (
				3E9DC8E12CF5F2430065B6B0 /* Preview Assets.xcassets in Resources */,
				3E9DC8DE2CF5F2430065B6B0 /* Assets.xcassets in Resources */,
			);
			runOnlyForDeploymentPostprocessing = 0;
		};
		3E9DC8E52CF5F2430065B6B0 /* Resources */ = {
			isa = PBXResourcesBuildPhase;
			buildActionMask = 2147483647;
			files = (
			);
			runOnlyForDeploymentPostprocessing = 0;
		};
		3E9DC8EF2CF5F2430065B6B0 /* Resources */ = {
			isa = PBXResourcesBuildPhase;
			buildActionMask = 2147483647;
			files = (
			);
			runOnlyForDeploymentPostprocessing = 0;
		};
/* End PBXResourcesBuildPhase section */

/* Begin PBXSourcesBuildPhase section */
		3E9DC8D22CF5F2410065B6B0 /* Sources */ = {
			isa = PBXSourcesBuildPhase;
			buildActionMask = 2147483647;
			files = (
				3E9DC8DC2CF5F2410065B6B0 /* ContentView.swift in Sources */,
				3E9DC8DA2CF5F2410065B6B0 /* ImageEditorApp.swift in Sources */,
			);
			runOnlyForDeploymentPostprocessing = 0;
		};
		3E9DC8E32CF5F2430065B6B0 /* Sources */ = {
			isa = PBXSourcesBuildPhase;
			buildActionMask = 2147483647;
			files = (
				3E9DC8EC2CF5F2430065B6B0 /* ImageEditorTests.swift in Sources */,
			);
			runOnlyForDeploymentPostprocessing = 0;
		};
		3E9DC8ED2CF5F2430065B6B0 /* Sources */ = {
			isa = PBXSourcesBuildPhase;
			buildActionMask = 2147483647;
			files = (
				3E9DC8F62CF5F2430065B6B0 /* ImageEditorUITests.swift in Sources */,
				3E9DC8F82CF5F2430065B6B0 /* ImageEditorUITestsLaunchTests.swift in Sources */,
			);
			runOnlyForDeploymentPostprocessing = 0;
		};
/* End PBXSourcesBuildPhase section */

/* Begin PBXTargetDependency section */
		3E9DC8E92CF5F2430065B6B0 /* PBXTargetDependency */ = {
			isa = PBXTargetDependency;
			target = 3E9DC8D52CF5F2410065B6B0 /* ImageEditor */;
			targetProxy = 3E9DC8E82CF5F2430065B6B0 /* PBXContainerItemProxy */;
		};
		3E9DC8F32CF5F2430065B6B0 /* PBXTargetDependency */ = {
			isa = PBXTargetDependency;
			target = 3E9DC8D52CF5F2410065B6B0 /* ImageEditor */;
			targetProxy = 3E9DC8F22CF5F2430065B6B0 /* PBXContainerItemProxy */;
		};
/* End PBXTargetDependency section */

/* Begin XCBuildConfiguration section */
		3E9DC8F92CF5F2430065B6B0 /* Debug */ = {
			isa = XCBuildConfiguration;
			buildSettings = {
				ALWAYS_SEARCH_USER_PATHS = NO;
				ASSETCATALOG_COMPILER_GENERATE_SWIFT_ASSET_SYMBOL_EXTENSIONS = YES;
				CLANG_ANALYZER_NONNULL = YES;
				CLANG_ANALYZER_NUMBER_OBJECT_CONVERSION = YES_AGGRESSIVE;
				CLANG_CXX_LANGUAGE_STANDARD = "gnu++20";
				CLANG_ENABLE_MODULES = YES;
				CLANG_ENABLE_OBJC_ARC = YES;
				CLANG_ENABLE_OBJC_WEAK = YES;
				CLANG_WARN_BLOCK_CAPTURE_AUTORELEASING = YES;
				CLANG_WARN_BOOL_CONVERSION = YES;
				CLANG_WARN_COMMA = YES;
				CLANG_WARN_CONSTANT_CONVERSION = YES;
				CLANG_WARN_DEPRECATED_OBJC_IMPLEMENTATIONS = YES;
				CLANG_WARN_DIRECT_OBJC_ISA_USAGE = YES_ERROR;
				CLANG_WARN_DOCUMENTATION_COMMENTS = YES;
				CLANG_WARN_EMPTY_BODY = YES;
				CLANG_WARN_ENUM_CONVERSION = YES;
				CLANG_WARN_INFINITE_RECURSION = YES;
				CLANG_WARN_INT_CONVERSION = YES;
				CLANG_WARN_NON_LITERAL_NULL_CONVERSION = YES;
				CLANG_WARN_OBJC_IMPLICIT_RETAIN_SELF = YES;
				CLANG_WARN_OBJC_LITERAL_CONVERSION = YES;
				CLANG_WARN_OBJC_ROOT_CLASS = YES_ERROR;
				CLANG_WARN_QUOTED_INCLUDE_IN_FRAMEWORK_HEADER = YES;
				CLANG_WARN_RANGE_LOOP_ANALYSIS = YES;
				CLANG_WARN_STRICT_PROTOTYPES = YES;
				CLANG_WARN_SUSPICIOUS_MOVE = YES;
				CLANG_WARN_UNGUARDED_AVAILABILITY = YES_AGGRESSIVE;
				CLANG_WARN_UNREACHABLE_CODE = YES;
				CLANG_WARN__DUPLICATE_METHOD_MATCH = YES;
				COPY_PHASE_STRIP = NO;
				DEBUG_INFORMATION_FORMAT = dwarf;
				ENABLE_STRICT_OBJC_MSGSEND = YES;
				ENABLE_TESTABILITY = YES;
				ENABLE_USER_SCRIPT_SANDBOXING = YES;
				GCC_C_LANGUAGE_STANDARD = gnu17;
				GCC_DYNAMIC_NO_PIC = NO;
				GCC_NO_COMMON_BLOCKS = YES;
				GCC_OPTIMIZATION_LEVEL = 0;
				GCC_PREPROCESSOR_DEFINITIONS = (
					"DEBUG=1",
					"$(inherited)",
				);
				GCC_WARN_64_TO_32_BIT_CONVERSION = YES;
				GCC_WARN_ABOUT_RETURN_TYPE = YES_ERROR;
				GCC_WARN_UNDECLARED_SELECTOR = YES;
				GCC_WARN_UNINITIALIZED_AUTOS = YES_AGGRESSIVE;
				GCC_WARN_UNUSED_FUNCTION = YES;
				GCC_WARN_UNUSED_VARIABLE = YES;
				LOCALIZATION_PREFERS_STRING_CATALOGS = YES;
				MACOSX_DEPLOYMENT_TARGET = 14.4;
				MTL_ENABLE_DEBUG_INFO = INCLUDE_SOURCE;
				MTL_FAST_MATH = YES;
				ONLY_ACTIVE_ARCH = YES;
				SDKROOT = macosx;
				SWIFT_ACTIVE_COMPILATION_CONDITIONS = "DEBUG $(inherited)";
				SWIFT_OPTIMIZATION_LEVEL = "-Onone";
			};
			name = Debug;
		};
		3E9DC8FA2CF5F2430065B6B0 /* Release */ = {
			isa = XCBuildConfiguration;
			buildSettings = {
				ALWAYS_SEARCH_USER_PATHS = NO;
				ASSETCATALOG_COMPILER_GENERATE_SWIFT_ASSET_SYMBOL_EXTENSIONS = YES;
				CLANG_ANALYZER_NONNULL = YES;
				CLANG_ANALYZER_NUMBER_OBJECT_CONVERSION = YES_AGGRESSIVE;
				CLANG_CXX_LANGUAGE_STANDARD = "gnu++20";
				CLANG_ENABLE_MODULES = YES;
				CLANG_ENABLE_OBJC_ARC = YES;
				CLANG_ENABLE_OBJC_WEAK = YES;
				CLANG_WARN_BLOCK_CAPTURE_AUTORELEASING = YES;
				CLANG_WARN_BOOL_CONVERSION = YES;
				CLANG_WARN_COMMA = YES;
				CLANG_WARN_CONSTANT_CONVERSION = YES;
				CLANG_WARN_DEPRECATED_OBJC_IMPLEMENTATIONS = YES;
				CLANG_WARN_DIRECT_OBJC_ISA_USAGE = YES_ERROR;
				CLANG_WARN_DOCUMENTATION_COMMENTS = YES;
				CLANG_WARN_EMPTY_BODY = YES;
				CLANG_WARN_ENUM_CONVERSION = YES;
				CLANG_WARN_INFINITE_RECURSION = YES;
				CLANG_WARN_INT_CONVERSION = YES;
				CLANG_WARN_NON_LITERAL_NULL_CONVERSION = YES;
				CLANG_WARN_OBJC_IMPLICIT_RETAIN_SELF = YES;
				CLANG_WARN_OBJC_LITERAL_CONVERSION = YES;
				CLANG_WARN_OBJC_ROOT_CLASS = YES_ERROR;
				CLANG_WARN_QUOTED_INCLUDE_IN_FRAMEWORK_HEADER = YES;
				CLANG_WARN_RANGE_LOOP_ANALYSIS = YES;
				CLANG_WARN_STRICT_PROTOTYPES = YES;
				CLANG_WARN_SUSPICIOUS_MOVE = YES;
				CLANG_WARN_UNGUARDED_AVAILABILITY = YES_AGGRESSIVE;
				CLANG_WARN_UNREACHABLE_CODE = YES;
				CLANG_WARN__DUPLICATE_METHOD_MATCH = YES;
				COPY_PHASE_STRIP = NO;
				DEBUG_INFORMATION_FORMAT = "dwarf-with-dsym";
				ENABLE_NS_ASSERTIONS = NO;
				ENABLE_STRICT_OBJC_MSGSEND = YES;
				ENABLE_USER_SCRIPT_SANDBOXING = YES;
				GCC_C_LANGUAGE_STANDARD = gnu17;
				GCC_NO_COMMON_BLOCKS = YES;
				GCC_WARN_64_TO_32_BIT_CONVERSION = YES;
				GCC_WARN_ABOUT_RETURN_TYPE = YES_ERROR;
				GCC_WARN_UNDECLARED_SELECTOR = YES;
				GCC_WARN_UNINITIALIZED_AUTOS = YES_AGGRESSIVE;
				GCC_WARN_UNUSED_FUNCTION = YES;
				GCC_WARN_UNUSED_VARIABLE = YES;
				LOCALIZATION_PREFERS_STRING_CATALOGS = YES;
				MACOSX_DEPLOYMENT_TARGET = 14.4;
				MTL_ENABLE_DEBUG_INFO = NO;
				MTL_FAST_MATH = YES;
				SDKROOT = macosx;
				SWIFT_COMPILATION_MODE = wholemodule;
			};
			name = Release;
		};
		3E9DC8FC2CF5F2430065B6B0 /* Debug */ = {
			isa = XCBuildConfiguration;
			buildSettings = {
				ASSETCATALOG_COMPILER_APPICON_NAME = AppIcon;
				ASSETCATALOG_COMPILER_GLOBAL_ACCENT_COLOR_NAME = AccentColor;
				CODE_SIGN_ENTITLEMENTS = ImageEditor/ImageEditor.entitlements;
				CODE_SIGN_STYLE = Automatic;
				COMBINE_HIDPI_IMAGES = YES;
				CURRENT_PROJECT_VERSION = 1;
				DEVELOPMENT_ASSET_PATHS = "\"ImageEditor/Preview Content\"";
				ENABLE_PREVIEWS = YES;
				GENERATE_INFOPLIST_FILE = YES;
				INFOPLIST_KEY_NSHumanReadableCopyright = "";
				LD_RUNPATH_SEARCH_PATHS = (
					"$(inherited)",
					"@executable_path/../Frameworks",
				);
				MARKETING_VERSION = 1.0;
				PRODUCT_BUNDLE_IDENTIFIER = kalinadam.ImageEditor;
				PRODUCT_NAME = "$(TARGET_NAME)";
				SWIFT_EMIT_LOC_STRINGS = YES;
				SWIFT_VERSION = 5.0;
			};
			name = Debug;
		};
		3E9DC8FD2CF5F2430065B6B0 /* Release */ = {
			isa = XCBuildConfiguration;
			buildSettings = {
				ASSETCATALOG_COMPILER_APPICON_NAME = AppIcon;
				ASSETCATALOG_COMPILER_GLOBAL_ACCENT_COLOR_NAME = AccentColor;
				CODE_SIGN_ENTITLEMENTS = ImageEditor/ImageEditor.entitlements;
				CODE_SIGN_STYLE = Automatic;
				COMBINE_HIDPI_IMAGES = YES;
				CURRENT_PROJECT_VERSION = 1;
				DEVELOPMENT_ASSET_PATHS = "\"ImageEditor/Preview Content\"";
				ENABLE_PREVIEWS = YES;
				GENERATE_INFOPLIST_FILE = YES;
				INFOPLIST_KEY_NSHumanReadableCopyright = "";
				LD_RUNPATH_SEARCH_PATHS = (
					"$(inherited)",
					"@executable_path/../Frameworks",
				);
				MARKETING_VERSION = 1.0;
				PRODUCT_BUNDLE_IDENTIFIER = kalinadam.ImageEditor;
				PRODUCT_NAME = "$(TARGET_NAME)";
				SWIFT_EMIT_LOC_STRINGS = YES;
				SWIFT_VERSION = 5.0;
			};
			name = Release;
		};
		3E9DC8FF2CF5F2430065B6B0 /* Debug */ = {
			isa = XCBuildConfiguration;
			buildSettings = {
				ALWAYS_EMBED_SWIFT_STANDARD_LIBRARIES = YES;
				BUNDLE_LOADER = "$(TEST_HOST)";
				CODE_SIGN_STYLE = Automatic;
				CURRENT_PROJECT_VERSION = 1;
				GENERATE_INFOPLIST_FILE = YES;
				MACOSX_DEPLOYMENT_TARGET = 14.4;
				MARKETING_VERSION = 1.0;
				PRODUCT_BUNDLE_IDENTIFIER = kalinadam.ImageEditorTests;
				PRODUCT_NAME = "$(TARGET_NAME)";
				SWIFT_EMIT_LOC_STRINGS = NO;
				SWIFT_VERSION = 5.0;
				TEST_HOST = "$(BUILT_PRODUCTS_DIR)/ImageEditor.app/$(BUNDLE_EXECUTABLE_FOLDER_PATH)/ImageEditor";
			};
			name = Debug;
		};
		3E9DC9002CF5F2430065B6B0 /* Release */ = {
			isa = XCBuildConfiguration;
			buildSettings = {
				ALWAYS_EMBED_SWIFT_STANDARD_LIBRARIES = YES;
				BUNDLE_LOADER = "$(TEST_HOST)";
				CODE_SIGN_STYLE = Automatic;
				CURRENT_PROJECT_VERSION = 1;
				GENERATE_INFOPLIST_FILE = YES;
				MACOSX_DEPLOYMENT_TARGET = 14.4;
				MARKETING_VERSION = 1.0;
				PRODUCT_BUNDLE_IDENTIFIER = kalinadam.ImageEditorTests;
				PRODUCT_NAME = "$(TARGET_NAME)";
				SWIFT_EMIT_LOC_STRINGS = NO;
				SWIFT_VERSION = 5.0;
				TEST_HOST = "$(BUILT_PRODUCTS_DIR)/ImageEditor.app/$(BUNDLE_EXECUTABLE_FOLDER_PATH)/ImageEditor";
			};
			name = Release;
		};
		3E9DC9022CF5F2430065B6B0 /* Debug */ = {
			isa = XCBuildConfiguration;
			buildSettings = {
				ALWAYS_EMBED_SWIFT_STANDARD_LIBRARIES = YES;
				CODE_SIGN_STYLE = Automatic;
				CURRENT_PROJECT_VERSION = 1;
				GENERATE_INFOPLIST_FILE = YES;
				MARKETING_VERSION = 1.0;
				PRODUCT_BUNDLE_IDENTIFIER = kalinadam.ImageEditorUITests;
				PRODUCT_NAME = "$(TARGET_NAME)";
				SWIFT_EMIT_LOC_STRINGS = NO;
				SWIFT_VERSION = 5.0;
				TEST_TARGET_NAME = ImageEditor;
			};
			name = Debug;
		};
		3E9DC9032CF5F2430065B6B0 /* Release */ = {
			isa = XCBuildConfiguration;
			buildSettings = {
				ALWAYS_EMBED_SWIFT_STANDARD_LIBRARIES = YES;
				CODE_SIGN_STYLE = Automatic;
				CURRENT_PROJECT_VERSION = 1;
				GENERATE_INFOPLIST_FILE = YES;
				MARKETING_VERSION = 1.0;
				PRODUCT_BUNDLE_IDENTIFIER = kalinadam.ImageEditorUITests;
				PRODUCT_NAME = "$(TARGET_NAME)";
				SWIFT_EMIT_LOC_STRINGS = NO;
				SWIFT_VERSION = 5.0;
				TEST_TARGET_NAME = ImageEditor;
			};
			name = Release;
		};
/* End XCBuildConfiguration section */

/* Begin XCConfigurationList section */
		3E9DC8D12CF5F2410065B6B0 /* Build configuration list for PBXProject "ImageEditor" */ = {
			isa = XCConfigurationList;
			buildConfigurations = (
				3E9DC8F92CF5F2430065B6B0 /* Debug */,
				3E9DC8FA2CF5F2430065B6B0 /* Release */,
			);
			defaultConfigurationIsVisible = 0;
			defaultConfigurationName = Release;
		};
		3E9DC8FB2CF5F2430065B6B0 /* Build configuration list for PBXNativeTarget "ImageEditor" */ = {
			isa = XCConfigurationList;
			buildConfigurations = (
				3E9DC8FC2CF5F2430065B6B0 /* Debug */,
				3E9DC8FD2CF5F2430065B6B0 /* Release */,
			);
			defaultConfigurationIsVisible = 0;
			defaultConfigurationName = Release;
		};
		3E9DC8FE2CF5F2430065B6B0 /* Build configuration list for PBXNativeTarget "ImageEditorTests" */ = {
			isa = XCConfigurationList;
			buildConfigurations = (
				3E9DC8FF2CF5F2430065B6B0 /* Debug */,
				3E9DC9002CF5F2430065B6B0 /* Release */,
			);
			defaultConfigurationIsVisible = 0;
			defaultConfigurationName = Release;
		};
		3E9DC9012CF5F2430065B6B0 /* Build configuration list for PBXNativeTarget "ImageEditorUITests" */ = {
			isa = XCConfigurationList;
			buildConfigurations = (
				3E9DC9022CF5F2430065B6B0 /* Debug */,
				3E9DC9032CF5F2430065B6B0 /* Release */,
			);
			defaultConfigurationIsVisible = 0;
			defaultConfigurationName = Release;
		};
/* End XCConfigurationList section */
	};
	rootObject = 3E9DC8CE2CF5F2410065B6B0 /* Project object */;
}
